// !$*UTF8*$!
{
	archiveVersion = 1;
	classes = {
	};
	objectVersion = 48;
	objects = {

/* Begin PBXBuildFile section */
		84020E1321189C88007E16BF /* AppDelegate.swift in Sources */ = {isa = PBXBuildFile; fileRef = 84020E1221189C88007E16BF /* AppDelegate.swift */; };
		84020E1821189C88007E16BF /* Main.storyboard in Resources */ = {isa = PBXBuildFile; fileRef = 84020E1621189C88007E16BF /* Main.storyboard */; };
		84020E1A21189C88007E16BF /* Assets.xcassets in Resources */ = {isa = PBXBuildFile; fileRef = 84020E1921189C88007E16BF /* Assets.xcassets */; };
		84020E1D21189C88007E16BF /* LaunchScreen.storyboard in Resources */ = {isa = PBXBuildFile; fileRef = 84020E1B21189C88007E16BF /* LaunchScreen.storyboard */; };
		84020E332118B9D0007E16BF /* FancyButton.swift in Sources */ = {isa = PBXBuildFile; fileRef = 84020E322118B9D0007E16BF /* FancyButton.swift */; };
		840D65A4211E855A0055932E /* HomeScreenViewController.swift in Sources */ = {isa = PBXBuildFile; fileRef = 840D65A3211E855A0055932E /* HomeScreenViewController.swift */; };
		843C400E211F5F6F0081468F /* CourseTableViewCell.swift in Sources */ = {isa = PBXBuildFile; fileRef = 843C400D211F5F6F0081468F /* CourseTableViewCell.swift */; };
		843C4010211F62900081468F /* SpecificCategoryViewController.swift in Sources */ = {isa = PBXBuildFile; fileRef = 843C400F211F62900081468F /* SpecificCategoryViewController.swift */; };
		843C4012211F88600081468F /* Category.swift in Sources */ = {isa = PBXBuildFile; fileRef = 843C4011211F885F0081468F /* Category.swift */; };
		843C4014211F88F90081468F /* CategoryTableViewCell.swift in Sources */ = {isa = PBXBuildFile; fileRef = 843C4013211F88F90081468F /* CategoryTableViewCell.swift */; };
		843C4016211F89730081468F /* AllCategoriesViewController.swift in Sources */ = {isa = PBXBuildFile; fileRef = 843C4015211F89730081468F /* AllCategoriesViewController.swift */; };
		8461FD34211B960B0032B7A6 /* DrawingView.swift in Sources */ = {isa = PBXBuildFile; fileRef = 8461FD33211B960B0032B7A6 /* DrawingView.swift */; };
		8461FD39211B98AA0032B7A6 /* MapKit.framework in Frameworks */ = {isa = PBXBuildFile; fileRef = 8461FD38211B98AA0032B7A6 /* MapKit.framework */; };
		8461FD3B211B99A90032B7A6 /* CoursePageViewController.swift in Sources */ = {isa = PBXBuildFile; fileRef = 8461FD3A211B99A90032B7A6 /* CoursePageViewController.swift */; };
		8461FD3D211BB8A90032B7A6 /* Course.swift in Sources */ = {isa = PBXBuildFile; fileRef = 8461FD3C211BB8A90032B7A6 /* Course.swift */; };
		847EACFD211CF4F600D31665 /* Common.swift in Sources */ = {isa = PBXBuildFile; fileRef = 847EACFC211CF4F600D31665 /* Common.swift */; };
		847EACFF211D031F00D31665 /* review.png in Resources */ = {isa = PBXBuildFile; fileRef = 847EACFE211D031F00D31665 /* review.png */; };
		847EAD01211D083E00D31665 /* FancyView.swift in Sources */ = {isa = PBXBuildFile; fileRef = 847EAD00211D083E00D31665 /* FancyView.swift */; };
		847EAD03211D0A3800D31665 /* FancyTextView.swift in Sources */ = {isa = PBXBuildFile; fileRef = 847EAD02211D0A3800D31665 /* FancyTextView.swift */; };
		847EAD05211D0EA100D31665 /* RatingPageViewController.swift in Sources */ = {isa = PBXBuildFile; fileRef = 847EAD04211D0EA100D31665 /* RatingPageViewController.swift */; };
		84ACFD15211B53EC00F5AE21 /* ColorExtension.swift in Sources */ = {isa = PBXBuildFile; fileRef = 84ACFD14211B53EB00F5AE21 /* ColorExtension.swift */; };
		84B20C3421204A8B00664E04 /* LabelExtension.swift in Sources */ = {isa = PBXBuildFile; fileRef = 84B20C3321204A8B00664E04 /* LabelExtension.swift */; };
		84B210C42118E53300074BDA /* 29ltbukrabold.otf in Resources */ = {isa = PBXBuildFile; fileRef = 84B210C02118E52D00074BDA /* 29ltbukrabold.otf */; };
		84B210C52118E53300074BDA /* 29ltbukrabolditalic.otf in Resources */ = {isa = PBXBuildFile; fileRef = 84B210C12118E52F00074BDA /* 29ltbukrabolditalic.otf */; };
		84B210C62118E53300074BDA /* 29ltbukraregular.otf in Resources */ = {isa = PBXBuildFile; fileRef = 84B210C22118E53100074BDA /* 29ltbukraregular.otf */; };
		84B210C72118E53300074BDA /* 29ltbukralight.otf in Resources */ = {isa = PBXBuildFile; fileRef = 84B210C32118E53200074BDA /* 29ltbukralight.otf */; };
		84D199B22119CBFB007E91D1 /* FancyImageView.swift in Sources */ = {isa = PBXBuildFile; fileRef = 84D199B12119CBFB007E91D1 /* FancyImageView.swift */; };
		84D77E55211E063C001C3DA4 /* course-ios-1.png in Resources */ = {isa = PBXBuildFile; fileRef = 84D77E4D211E0638001C3DA4 /* course-ios-1.png */; };
		84D77E56211E063C001C3DA4 /* 2.png in Resources */ = {isa = PBXBuildFile; fileRef = 84D77E4E211E0639001C3DA4 /* 2.png */; };
		84D77E57211E063C001C3DA4 /* home1a.png in Resources */ = {isa = PBXBuildFile; fileRef = 84D77E4F211E0639001C3DA4 /* home1a.png */; };
		84D77E58211E063C001C3DA4 /* 1.png in Resources */ = {isa = PBXBuildFile; fileRef = 84D77E50211E063A001C3DA4 /* 1.png */; };
		84D77E59211E063C001C3DA4 /* course-ios-2.png in Resources */ = {isa = PBXBuildFile; fileRef = 84D77E51211E063B001C3DA4 /* course-ios-2.png */; };
		84D77E5A211E063C001C3DA4 /* home1.png in Resources */ = {isa = PBXBuildFile; fileRef = 84D77E52211E063B001C3DA4 /* home1.png */; };
		84D77E5B211E063C001C3DA4 /* home3.png in Resources */ = {isa = PBXBuildFile; fileRef = 84D77E53211E063B001C3DA4 /* home3.png */; };
		84D77E5C211E063C001C3DA4 /* home4.png in Resources */ = {isa = PBXBuildFile; fileRef = 84D77E54211E063B001C3DA4 /* home4.png */; };
		84DA72722121C9C5005B43B9 /* LaunchScreenViewController.swift in Sources */ = {isa = PBXBuildFile; fileRef = 84DA72712121C9C5005B43B9 /* LaunchScreenViewController.swift */; };
		B0B18DAABC70B8A7045116D6 /* Pods_Teqanny.framework in Frameworks */ = {isa = PBXBuildFile; fileRef = 76652000BAA751D475A6E018 /* Pods_Teqanny.framework */; };
/* End PBXBuildFile section */

/* Begin PBXFileReference section */
		270D01A6B2C857F667D53694 /* Pods-Teqanny.debug.xcconfig */ = {isa = PBXFileReference; includeInIndex = 1; lastKnownFileType = text.xcconfig; name = "Pods-Teqanny.debug.xcconfig"; path = "Pods/Target Support Files/Pods-Teqanny/Pods-Teqanny.debug.xcconfig"; sourceTree = "<group>"; };
		76652000BAA751D475A6E018 /* Pods_Teqanny.framework */ = {isa = PBXFileReference; explicitFileType = wrapper.framework; includeInIndex = 0; path = Pods_Teqanny.framework; sourceTree = BUILT_PRODUCTS_DIR; };
		84020E0F21189C88007E16BF /* Teqanny.app */ = {isa = PBXFileReference; explicitFileType = wrapper.application; includeInIndex = 0; path = Teqanny.app; sourceTree = BUILT_PRODUCTS_DIR; };
		84020E1221189C88007E16BF /* AppDelegate.swift */ = {isa = PBXFileReference; lastKnownFileType = sourcecode.swift; path = AppDelegate.swift; sourceTree = "<group>"; };
		84020E1721189C88007E16BF /* Base */ = {isa = PBXFileReference; lastKnownFileType = file.storyboard; name = Base; path = Base.lproj/Main.storyboard; sourceTree = "<group>"; };
		84020E1921189C88007E16BF /* Assets.xcassets */ = {isa = PBXFileReference; lastKnownFileType = folder.assetcatalog; path = Assets.xcassets; sourceTree = "<group>"; };
		84020E1C21189C88007E16BF /* Base */ = {isa = PBXFileReference; lastKnownFileType = file.storyboard; name = Base; path = Base.lproj/LaunchScreen.storyboard; sourceTree = "<group>"; };
		84020E1E21189C88007E16BF /* Info.plist */ = {isa = PBXFileReference; lastKnownFileType = text.plist.xml; path = Info.plist; sourceTree = "<group>"; };
		84020E322118B9D0007E16BF /* FancyButton.swift */ = {isa = PBXFileReference; lastKnownFileType = sourcecode.swift; name = FancyButton.swift; path = Teqanny/View/FancyButton.swift; sourceTree = SOURCE_ROOT; };
		840D65A3211E855A0055932E /* HomeScreenViewController.swift */ = {isa = PBXFileReference; lastKnownFileType = sourcecode.swift; path = HomeScreenViewController.swift; sourceTree = "<group>"; };
		843C400D211F5F6F0081468F /* CourseTableViewCell.swift */ = {isa = PBXFileReference; lastKnownFileType = sourcecode.swift; path = CourseTableViewCell.swift; sourceTree = "<group>"; };
		843C400F211F62900081468F /* SpecificCategoryViewController.swift */ = {isa = PBXFileReference; lastKnownFileType = sourcecode.swift; path = SpecificCategoryViewController.swift; sourceTree = "<group>"; };
		843C4011211F885F0081468F /* Category.swift */ = {isa = PBXFileReference; lastKnownFileType = sourcecode.swift; path = Category.swift; sourceTree = "<group>"; };
		843C4013211F88F90081468F /* CategoryTableViewCell.swift */ = {isa = PBXFileReference; lastKnownFileType = sourcecode.swift; path = CategoryTableViewCell.swift; sourceTree = "<group>"; };
		843C4015211F89730081468F /* AllCategoriesViewController.swift */ = {isa = PBXFileReference; lastKnownFileType = sourcecode.swift; path = AllCategoriesViewController.swift; sourceTree = "<group>"; };
		8461FD33211B960B0032B7A6 /* DrawingView.swift */ = {isa = PBXFileReference; lastKnownFileType = sourcecode.swift; path = DrawingView.swift; sourceTree = "<group>"; };
		8461FD38211B98AA0032B7A6 /* MapKit.framework */ = {isa = PBXFileReference; lastKnownFileType = wrapper.framework; name = MapKit.framework; path = System/Library/Frameworks/MapKit.framework; sourceTree = SDKROOT; };
		8461FD3A211B99A90032B7A6 /* CoursePageViewController.swift */ = {isa = PBXFileReference; lastKnownFileType = sourcecode.swift; path = CoursePageViewController.swift; sourceTree = "<group>"; };
		8461FD3C211BB8A90032B7A6 /* Course.swift */ = {isa = PBXFileReference; lastKnownFileType = sourcecode.swift; path = Course.swift; sourceTree = "<group>"; };
		847EACFC211CF4F600D31665 /* Common.swift */ = {isa = PBXFileReference; lastKnownFileType = sourcecode.swift; path = Common.swift; sourceTree = "<group>"; };
		847EACFE211D031F00D31665 /* review.png */ = {isa = PBXFileReference; lastKnownFileType = image.png; path = review.png; sourceTree = "<group>"; };
		847EAD00211D083E00D31665 /* FancyView.swift */ = {isa = PBXFileReference; lastKnownFileType = sourcecode.swift; path = FancyView.swift; sourceTree = "<group>"; };
		847EAD02211D0A3800D31665 /* FancyTextView.swift */ = {isa = PBXFileReference; lastKnownFileType = sourcecode.swift; path = FancyTextView.swift; sourceTree = "<group>"; };
		847EAD04211D0EA100D31665 /* RatingPageViewController.swift */ = {isa = PBXFileReference; lastKnownFileType = sourcecode.swift; path = RatingPageViewController.swift; sourceTree = "<group>"; };
		84ACFD14211B53EB00F5AE21 /* ColorExtension.swift */ = {isa = PBXFileReference; lastKnownFileType = sourcecode.swift; path = ColorExtension.swift; sourceTree = "<group>"; };
		84B20C3321204A8B00664E04 /* LabelExtension.swift */ = {isa = PBXFileReference; lastKnownFileType = sourcecode.swift; path = LabelExtension.swift; sourceTree = "<group>"; };
		84B210C02118E52D00074BDA /* 29ltbukrabold.otf */ = {isa = PBXFileReference; lastKnownFileType = file; path = 29ltbukrabold.otf; sourceTree = "<group>"; };
		84B210C12118E52F00074BDA /* 29ltbukrabolditalic.otf */ = {isa = PBXFileReference; lastKnownFileType = file; path = 29ltbukrabolditalic.otf; sourceTree = "<group>"; };
		84B210C22118E53100074BDA /* 29ltbukraregular.otf */ = {isa = PBXFileReference; lastKnownFileType = file; path = 29ltbukraregular.otf; sourceTree = "<group>"; };
		84B210C32118E53200074BDA /* 29ltbukralight.otf */ = {isa = PBXFileReference; lastKnownFileType = file; path = 29ltbukralight.otf; sourceTree = "<group>"; };
		84D199B12119CBFB007E91D1 /* FancyImageView.swift */ = {isa = PBXFileReference; lastKnownFileType = sourcecode.swift; path = FancyImageView.swift; sourceTree = "<group>"; };
		84D77E4D211E0638001C3DA4 /* course-ios-1.png */ = {isa = PBXFileReference; lastKnownFileType = image.png; path = "course-ios-1.png"; sourceTree = "<group>"; };
		84D77E4E211E0639001C3DA4 /* 2.png */ = {isa = PBXFileReference; lastKnownFileType = image.png; path = 2.png; sourceTree = "<group>"; };
		84D77E4F211E0639001C3DA4 /* home1a.png */ = {isa = PBXFileReference; lastKnownFileType = image.png; path = home1a.png; sourceTree = "<group>"; };
		84D77E50211E063A001C3DA4 /* 1.png */ = {isa = PBXFileReference; lastKnownFileType = image.png; path = 1.png; sourceTree = "<group>"; };
		84D77E51211E063B001C3DA4 /* course-ios-2.png */ = {isa = PBXFileReference; lastKnownFileType = image.png; path = "course-ios-2.png"; sourceTree = "<group>"; };
		84D77E52211E063B001C3DA4 /* home1.png */ = {isa = PBXFileReference; lastKnownFileType = image.png; path = home1.png; sourceTree = "<group>"; };
		84D77E53211E063B001C3DA4 /* home3.png */ = {isa = PBXFileReference; lastKnownFileType = image.png; path = home3.png; sourceTree = "<group>"; };
		84D77E54211E063B001C3DA4 /* home4.png */ = {isa = PBXFileReference; lastKnownFileType = image.png; path = home4.png; sourceTree = "<group>"; };
		84DA72712121C9C5005B43B9 /* LaunchScreenViewController.swift */ = {isa = PBXFileReference; lastKnownFileType = sourcecode.swift; path = LaunchScreenViewController.swift; sourceTree = "<group>"; };
		9D0217F55836F5D8148E356E /* Pods-Teqanny.release.xcconfig */ = {isa = PBXFileReference; includeInIndex = 1; lastKnownFileType = text.xcconfig; name = "Pods-Teqanny.release.xcconfig"; path = "Pods/Target Support Files/Pods-Teqanny/Pods-Teqanny.release.xcconfig"; sourceTree = "<group>"; };
/* End PBXFileReference section */

/* Begin PBXFrameworksBuildPhase section */
		84020E0C21189C88007E16BF /* Frameworks */ = {
			isa = PBXFrameworksBuildPhase;
			buildActionMask = 2147483647;
			files = (
				8461FD39211B98AA0032B7A6 /* MapKit.framework in Frameworks */,
				B0B18DAABC70B8A7045116D6 /* Pods_Teqanny.framework in Frameworks */,
			);
			runOnlyForDeploymentPostprocessing = 0;
		};
/* End PBXFrameworksBuildPhase section */

/* Begin PBXGroup section */
		2B10EB0A0FAB5B1731A283AB /* Pods */ = {
			isa = PBXGroup;
			children = (
				270D01A6B2C857F667D53694 /* Pods-Teqanny.debug.xcconfig */,
				9D0217F55836F5D8148E356E /* Pods-Teqanny.release.xcconfig */,
			);
			name = Pods;
			sourceTree = "<group>";
		};
		84020E0621189C88007E16BF = {
			isa = PBXGroup;
			children = (
				84020E1121189C88007E16BF /* Teqanny */,
				84020E1021189C88007E16BF /* Products */,
				8461FD35211B98A80032B7A6 /* Frameworks */,
				2B10EB0A0FAB5B1731A283AB /* Pods */,
			);
			sourceTree = "<group>";
		};
		84020E1021189C88007E16BF /* Products */ = {
			isa = PBXGroup;
			children = (
				84020E0F21189C88007E16BF /* Teqanny.app */,
			);
			name = Products;
			sourceTree = "<group>";
		};
		84020E1121189C88007E16BF /* Teqanny */ = {
			isa = PBXGroup;
			children = (
				84020E2721189E4D007E16BF /* Model */,
				84020E2821189E54007E16BF /* View */,
				84020E2921189E5A007E16BF /* Controller */,
				84D77E4C211E0560001C3DA4 /* UI */,
				84ACFD16211B53F500F5AE21 /* Utilities */,
				84020E342118D7CA007E16BF /* Resources */,
				84020E2C21189E87007E16BF /* Other */,
				84020E2B21189E77007E16BF /* Storyboard */,
			);
			path = Teqanny;
			sourceTree = "<group>";
		};
		84020E2721189E4D007E16BF /* Model */ = {
			isa = PBXGroup;
			children = (
				8461FD3C211BB8A90032B7A6 /* Course.swift */,
				843C400D211F5F6F0081468F /* CourseTableViewCell.swift */,
				843C4011211F885F0081468F /* Category.swift */,
				843C4013211F88F90081468F /* CategoryTableViewCell.swift */,
			);
			path = Model;
			sourceTree = "<group>";
		};
		84020E2821189E54007E16BF /* View */ = {
			isa = PBXGroup;
			children = (
				84020E322118B9D0007E16BF /* FancyButton.swift */,
				84D199B12119CBFB007E91D1 /* FancyImageView.swift */,
				8461FD33211B960B0032B7A6 /* DrawingView.swift */,
				847EAD00211D083E00D31665 /* FancyView.swift */,
				847EAD02211D0A3800D31665 /* FancyTextView.swift */,
			);
			path = View;
			sourceTree = "<group>";
		};
		84020E2921189E5A007E16BF /* Controller */ = {
			isa = PBXGroup;
			children = (
				8461FD3A211B99A90032B7A6 /* CoursePageViewController.swift */,
				847EAD04211D0EA100D31665 /* RatingPageViewController.swift */,
				840D65A3211E855A0055932E /* HomeScreenViewController.swift */,
				843C400F211F62900081468F /* SpecificCategoryViewController.swift */,
				843C4015211F89730081468F /* AllCategoriesViewController.swift */,
				84DA72712121C9C5005B43B9 /* LaunchScreenViewController.swift */,
			);
			path = Controller;
			sourceTree = "<group>";
		};
		84020E2B21189E77007E16BF /* Storyboard */ = {
			isa = PBXGroup;
			children = (
				84020E1621189C88007E16BF /* Main.storyboard */,
				84020E1B21189C88007E16BF /* LaunchScreen.storyboard */,
			);
			path = Storyboard;
			sourceTree = "<group>";
		};
		84020E2C21189E87007E16BF /* Other */ = {
			isa = PBXGroup;
			children = (
				84020E1221189C88007E16BF /* AppDelegate.swift */,
				84020E1921189C88007E16BF /* Assets.xcassets */,
				84020E1E21189C88007E16BF /* Info.plist */,
			);
			path = Other;
			sourceTree = "<group>";
		};
		84020E342118D7CA007E16BF /* Resources */ = {
			isa = PBXGroup;
			children = (
				84B210C02118E52D00074BDA /* 29ltbukrabold.otf */,
				84B210C12118E52F00074BDA /* 29ltbukrabolditalic.otf */,
				84B210C32118E53200074BDA /* 29ltbukralight.otf */,
				84B210C22118E53100074BDA /* 29ltbukraregular.otf */,
			);
			path = Resources;
			sourceTree = "<group>";
		};
		8461FD35211B98A80032B7A6 /* Frameworks */ = {
			isa = PBXGroup;
			children = (
				8461FD38211B98AA0032B7A6 /* MapKit.framework */,
				76652000BAA751D475A6E018 /* Pods_Teqanny.framework */,
			);
			name = Frameworks;
			sourceTree = "<group>";
		};
		84ACFD16211B53F500F5AE21 /* Utilities */ = {
			isa = PBXGroup;
			children = (
				84ACFD14211B53EB00F5AE21 /* ColorExtension.swift */,
				84B20C3321204A8B00664E04 /* LabelExtension.swift */,
				847EACFC211CF4F600D31665 /* Common.swift */,
			);
			path = Utilities;
			sourceTree = "<group>";
		};
		84D77E4C211E0560001C3DA4 /* UI */ = {
			isa = PBXGroup;
			children = (
				847EACFE211D031F00D31665 /* review.png */,
				84D77E50211E063A001C3DA4 /* 1.png */,
				84D77E4E211E0639001C3DA4 /* 2.png */,
				84D77E4D211E0638001C3DA4 /* course-ios-1.png */,
				84D77E51211E063B001C3DA4 /* course-ios-2.png */,
				84D77E52211E063B001C3DA4 /* home1.png */,
				84D77E4F211E0639001C3DA4 /* home1a.png */,
				84D77E53211E063B001C3DA4 /* home3.png */,
				84D77E54211E063B001C3DA4 /* home4.png */,
			);
			path = UI;
			sourceTree = "<group>";
		};
/* End PBXGroup section */

/* Begin PBXNativeTarget section */
		84020E0E21189C88007E16BF /* Teqanny */ = {
			isa = PBXNativeTarget;
			buildConfigurationList = 84020E2121189C88007E16BF /* Build configuration list for PBXNativeTarget "Teqanny" */;
			buildPhases = (
				C9844DB616DE842C5402FEBD /* [CP] Check Pods Manifest.lock */,
				84020E0B21189C88007E16BF /* Sources */,
				84020E0C21189C88007E16BF /* Frameworks */,
				84020E0D21189C88007E16BF /* Resources */,
				CB685882FD287097FA2B3CA7 /* [CP] Embed Pods Frameworks */,
			);
			buildRules = (
			);
			dependencies = (
			);
			name = Teqanny;
			productName = Teqanny;
			productReference = 84020E0F21189C88007E16BF /* Teqanny.app */;
			productType = "com.apple.product-type.application";
		};
/* End PBXNativeTarget section */

/* Begin PBXProject section */
		84020E0721189C88007E16BF /* Project object */ = {
			isa = PBXProject;
			attributes = {
				LastSwiftUpdateCheck = 0920;
				LastUpgradeCheck = 0920;
				ORGANIZATIONNAME = "Essam Mohamed Fahmi";
				TargetAttributes = {
					84020E0E21189C88007E16BF = {
						CreatedOnToolsVersion = 9.2;
						ProvisioningStyle = Automatic;
						SystemCapabilities = {
							com.apple.Maps.iOS = {
								enabled = 1;
							};
						};
					};
				};
			};
			buildConfigurationList = 84020E0A21189C88007E16BF /* Build configuration list for PBXProject "Teqanny" */;
			compatibilityVersion = "Xcode 8.0";
			developmentRegion = en;
			hasScannedForEncodings = 0;
			knownRegions = (
				en,
				Base,
			);
			mainGroup = 84020E0621189C88007E16BF;
			productRefGroup = 84020E1021189C88007E16BF /* Products */;
			projectDirPath = "";
			projectRoot = "";
			targets = (
				84020E0E21189C88007E16BF /* Teqanny */,
			);
		};
/* End PBXProject section */

/* Begin PBXResourcesBuildPhase section */
		84020E0D21189C88007E16BF /* Resources */ = {
			isa = PBXResourcesBuildPhase;
			buildActionMask = 2147483647;
			files = (
				84020E1D21189C88007E16BF /* LaunchScreen.storyboard in Resources */,
				84D77E55211E063C001C3DA4 /* course-ios-1.png in Resources */,
				84D77E56211E063C001C3DA4 /* 2.png in Resources */,
				84B210C72118E53300074BDA /* 29ltbukralight.otf in Resources */,
				84B210C42118E53300074BDA /* 29ltbukrabold.otf in Resources */,
				84B210C62118E53300074BDA /* 29ltbukraregular.otf in Resources */,
				84020E1A21189C88007E16BF /* Assets.xcassets in Resources */,
				84D77E5B211E063C001C3DA4 /* home3.png in Resources */,
				84D77E59211E063C001C3DA4 /* course-ios-2.png in Resources */,
				84D77E5C211E063C001C3DA4 /* home4.png in Resources */,
				84B210C52118E53300074BDA /* 29ltbukrabolditalic.otf in Resources */,
				84020E1821189C88007E16BF /* Main.storyboard in Resources */,
				84D77E58211E063C001C3DA4 /* 1.png in Resources */,
				84D77E57211E063C001C3DA4 /* home1a.png in Resources */,
				84D77E5A211E063C001C3DA4 /* home1.png in Resources */,
				847EACFF211D031F00D31665 /* review.png in Resources */,
			);
			runOnlyForDeploymentPostprocessing = 0;
		};
/* End PBXResourcesBuildPhase section */

/* Begin PBXShellScriptBuildPhase section */
		C9844DB616DE842C5402FEBD /* [CP] Check Pods Manifest.lock */ = {
			isa = PBXShellScriptBuildPhase;
			buildActionMask = 2147483647;
			files = (
			);
			inputPaths = (
				"${PODS_PODFILE_DIR_PATH}/Podfile.lock",
				"${PODS_ROOT}/Manifest.lock",
			);
			name = "[CP] Check Pods Manifest.lock";
			outputPaths = (
				"$(DERIVED_FILE_DIR)/Pods-Teqanny-checkManifestLockResult.txt",
			);
			runOnlyForDeploymentPostprocessing = 0;
			shellPath = /bin/sh;
			shellScript = "diff \"${PODS_PODFILE_DIR_PATH}/Podfile.lock\" \"${PODS_ROOT}/Manifest.lock\" > /dev/null\nif [ $? != 0 ] ; then\n    # print error to STDERR\n    echo \"error: The sandbox is not in sync with the Podfile.lock. Run 'pod install' or update your CocoaPods installation.\" >&2\n    exit 1\nfi\n# This output is used by Xcode 'outputs' to avoid re-running this script phase.\necho \"SUCCESS\" > \"${SCRIPT_OUTPUT_FILE_0}\"\n";
			showEnvVarsInLog = 0;
		};
		CB685882FD287097FA2B3CA7 /* [CP] Embed Pods Frameworks */ = {
			isa = PBXShellScriptBuildPhase;
			buildActionMask = 2147483647;
			files = (
			);
			inputPaths = (
				"${SRCROOT}/Pods/Target Support Files/Pods-Teqanny/Pods-Teqanny-frameworks.sh",
				"${BUILT_PRODUCTS_DIR}/Alamofire/Alamofire.framework",
			);
			name = "[CP] Embed Pods Frameworks";
			outputPaths = (
				"${TARGET_BUILD_DIR}/${FRAMEWORKS_FOLDER_PATH}/Alamofire.framework",
			);
			runOnlyForDeploymentPostprocessing = 0;
			shellPath = /bin/sh;
			shellScript = "\"${SRCROOT}/Pods/Target Support Files/Pods-Teqanny/Pods-Teqanny-frameworks.sh\"\n";
			showEnvVarsInLog = 0;
		};
/* End PBXShellScriptBuildPhase section */

/* Begin PBXSourcesBuildPhase section */
		84020E0B21189C88007E16BF /* Sources */ = {
			isa = PBXSourcesBuildPhase;
			buildActionMask = 2147483647;
			files = (
				84DA72722121C9C5005B43B9 /* LaunchScreenViewController.swift in Sources */,
				84B20C3421204A8B00664E04 /* LabelExtension.swift in Sources */,
				8461FD3D211BB8A90032B7A6 /* Course.swift in Sources */,
				847EAD03211D0A3800D31665 /* FancyTextView.swift in Sources */,
				8461FD34211B960B0032B7A6 /* DrawingView.swift in Sources */,
				840D65A4211E855A0055932E /* HomeScreenViewController.swift in Sources */,
				84020E332118B9D0007E16BF /* FancyButton.swift in Sources */,
				84ACFD15211B53EC00F5AE21 /* ColorExtension.swift in Sources */,
				843C400E211F5F6F0081468F /* CourseTableViewCell.swift in Sources */,
				843C4014211F88F90081468F /* CategoryTableViewCell.swift in Sources */,
				847EAD05211D0EA100D31665 /* RatingPageViewController.swift in Sources */,
				84D199B22119CBFB007E91D1 /* FancyImageView.swift in Sources */,
				847EAD01211D083E00D31665 /* FancyView.swift in Sources */,
				847EACFD211CF4F600D31665 /* Common.swift in Sources */,
				843C4012211F88600081468F /* Category.swift in Sources */,
				8461FD3B211B99A90032B7A6 /* CoursePageViewController.swift in Sources */,
				843C4010211F62900081468F /* SpecificCategoryViewController.swift in Sources */,
				84020E1321189C88007E16BF /* AppDelegate.swift in Sources */,
				843C4016211F89730081468F /* AllCategoriesViewController.swift in Sources */,
			);
			runOnlyForDeploymentPostprocessing = 0;
		};
/* End PBXSourcesBuildPhase section */

/* Begin PBXVariantGroup section */
		84020E1621189C88007E16BF /* Main.storyboard */ = {
			isa = PBXVariantGroup;
			children = (
				84020E1721189C88007E16BF /* Base */,
			);
			name = Main.storyboard;
			sourceTree = "<group>";
		};
		84020E1B21189C88007E16BF /* LaunchScreen.storyboard */ = {
			isa = PBXVariantGroup;
			children = (
				84020E1C21189C88007E16BF /* Base */,
			);
			name = LaunchScreen.storyboard;
			sourceTree = "<group>";
		};
/* End PBXVariantGroup section */

/* Begin XCBuildConfiguration section */
		84020E1F21189C88007E16BF /* Debug */ = {
			isa = XCBuildConfiguration;
			buildSettings = {
				ALWAYS_SEARCH_USER_PATHS = NO;
				CLANG_ANALYZER_NONNULL = YES;
				CLANG_ANALYZER_NUMBER_OBJECT_CONVERSION = YES_AGGRESSIVE;
				CLANG_CXX_LANGUAGE_STANDARD = "gnu++14";
				CLANG_CXX_LIBRARY = "libc++";
				CLANG_ENABLE_MODULES = YES;
				CLANG_ENABLE_OBJC_ARC = YES;
				CLANG_WARN_BLOCK_CAPTURE_AUTORELEASING = YES;
				CLANG_WARN_BOOL_CONVERSION = YES;
				CLANG_WARN_COMMA = YES;
				CLANG_WARN_CONSTANT_CONVERSION = YES;
				CLANG_WARN_DIRECT_OBJC_ISA_USAGE = YES_ERROR;
				CLANG_WARN_DOCUMENTATION_COMMENTS = YES;
				CLANG_WARN_EMPTY_BODY = YES;
				CLANG_WARN_ENUM_CONVERSION = YES;
				CLANG_WARN_INFINITE_RECURSION = YES;
				CLANG_WARN_INT_CONVERSION = YES;
				CLANG_WARN_NON_LITERAL_NULL_CONVERSION = YES;
				CLANG_WARN_OBJC_LITERAL_CONVERSION = YES;
				CLANG_WARN_OBJC_ROOT_CLASS = YES_ERROR;
				CLANG_WARN_RANGE_LOOP_ANALYSIS = YES;
				CLANG_WARN_STRICT_PROTOTYPES = YES;
				CLANG_WARN_SUSPICIOUS_MOVE = YES;
				CLANG_WARN_UNGUARDED_AVAILABILITY = YES_AGGRESSIVE;
				CLANG_WARN_UNREACHABLE_CODE = YES;
				CLANG_WARN__DUPLICATE_METHOD_MATCH = YES;
				CODE_SIGN_IDENTITY = "iPhone Developer";
				COPY_PHASE_STRIP = NO;
				DEBUG_INFORMATION_FORMAT = dwarf;
				ENABLE_STRICT_OBJC_MSGSEND = YES;
				ENABLE_TESTABILITY = YES;
				GCC_C_LANGUAGE_STANDARD = gnu11;
				GCC_DYNAMIC_NO_PIC = NO;
				GCC_NO_COMMON_BLOCKS = YES;
				GCC_OPTIMIZATION_LEVEL = 0;
				GCC_PREPROCESSOR_DEFINITIONS = (
					"DEBUG=1",
					"$(inherited)",
				);
				GCC_WARN_64_TO_32_BIT_CONVERSION = YES;
				GCC_WARN_ABOUT_RETURN_TYPE = YES_ERROR;
				GCC_WARN_UNDECLARED_SELECTOR = YES;
				GCC_WARN_UNINITIALIZED_AUTOS = YES_AGGRESSIVE;
				GCC_WARN_UNUSED_FUNCTION = YES;
				GCC_WARN_UNUSED_VARIABLE = YES;
				IPHONEOS_DEPLOYMENT_TARGET = 11.2;
				MTL_ENABLE_DEBUG_INFO = YES;
				ONLY_ACTIVE_ARCH = YES;
				SDKROOT = iphoneos;
				SWIFT_ACTIVE_COMPILATION_CONDITIONS = DEBUG;
				SWIFT_OPTIMIZATION_LEVEL = "-Onone";
			};
			name = Debug;
		};
		84020E2021189C88007E16BF /* Release */ = {
			isa = XCBuildConfiguration;
			buildSettings = {
				ALWAYS_SEARCH_USER_PATHS = NO;
				CLANG_ANALYZER_NONNULL = YES;
				CLANG_ANALYZER_NUMBER_OBJECT_CONVERSION = YES_AGGRESSIVE;
				CLANG_CXX_LANGUAGE_STANDARD = "gnu++14";
				CLANG_CXX_LIBRARY = "libc++";
				CLANG_ENABLE_MODULES = YES;
				CLANG_ENABLE_OBJC_ARC = YES;
				CLANG_WARN_BLOCK_CAPTURE_AUTORELEASING = YES;
				CLANG_WARN_BOOL_CONVERSION = YES;
				CLANG_WARN_COMMA = YES;
				CLANG_WARN_CONSTANT_CONVERSION = YES;
				CLANG_WARN_DIRECT_OBJC_ISA_USAGE = YES_ERROR;
				CLANG_WARN_DOCUMENTATION_COMMENTS = YES;
				CLANG_WARN_EMPTY_BODY = YES;
				CLANG_WARN_ENUM_CONVERSION = YES;
				CLANG_WARN_INFINITE_RECURSION = YES;
				CLANG_WARN_INT_CONVERSION = YES;
				CLANG_WARN_NON_LITERAL_NULL_CONVERSION = YES;
				CLANG_WARN_OBJC_LITERAL_CONVERSION = YES;
				CLANG_WARN_OBJC_ROOT_CLASS = YES_ERROR;
				CLANG_WARN_RANGE_LOOP_ANALYSIS = YES;
				CLANG_WARN_STRICT_PROTOTYPES = YES;
				CLANG_WARN_SUSPICIOUS_MOVE = YES;
				CLANG_WARN_UNGUARDED_AVAILABILITY = YES_AGGRESSIVE;
				CLANG_WARN_UNREACHABLE_CODE = YES;
				CLANG_WARN__DUPLICATE_METHOD_MATCH = YES;
				CODE_SIGN_IDENTITY = "iPhone Developer";
				COPY_PHASE_STRIP = NO;
				DEBUG_INFORMATION_FORMAT = "dwarf-with-dsym";
				ENABLE_NS_ASSERTIONS = NO;
				ENABLE_STRICT_OBJC_MSGSEND = YES;
				GCC_C_LANGUAGE_STANDARD = gnu11;
				GCC_NO_COMMON_BLOCKS = YES;
				GCC_WARN_64_TO_32_BIT_CONVERSION = YES;
				GCC_WARN_ABOUT_RETURN_TYPE = YES_ERROR;
				GCC_WARN_UNDECLARED_SELECTOR = YES;
				GCC_WARN_UNINITIALIZED_AUTOS = YES_AGGRESSIVE;
				GCC_WARN_UNUSED_FUNCTION = YES;
				GCC_WARN_UNUSED_VARIABLE = YES;
				IPHONEOS_DEPLOYMENT_TARGET = 11.2;
				MTL_ENABLE_DEBUG_INFO = NO;
				SDKROOT = iphoneos;
				SWIFT_OPTIMIZATION_LEVEL = "-Owholemodule";
				VALIDATE_PRODUCT = YES;
			};
			name = Release;
		};
		84020E2221189C88007E16BF /* Debug */ = {
			isa = XCBuildConfiguration;
			baseConfigurationReference = 270D01A6B2C857F667D53694 /* Pods-Teqanny.debug.xcconfig */;
			buildSettings = {
				ASSETCATALOG_COMPILER_APPICON_NAME = AppIcon;
				CODE_SIGN_STYLE = Automatic;
				DEVELOPMENT_TEAM = KDJFZFUH2Y;
				INFOPLIST_FILE = "$(SRCROOT)/Teqanny/Other/Info.plist";
				LD_RUNPATH_SEARCH_PATHS = "$(inherited) @executable_path/Frameworks";
				PRODUCT_BUNDLE_IDENTIFIER = Raqameyyah.Teqanny;
				PRODUCT_NAME = "$(TARGET_NAME)";
				SWIFT_VERSION = 4.0;
				TARGETED_DEVICE_FAMILY = "1,2";
			};
			name = Debug;
		};
		84020E2321189C88007E16BF /* Release */ = {
			isa = XCBuildConfiguration;
			baseConfigurationReference = 9D0217F55836F5D8148E356E /* Pods-Teqanny.release.xcconfig */;
			buildSettings = {
				ASSETCATALOG_COMPILER_APPICON_NAME = AppIcon;
				CODE_SIGN_STYLE = Automatic;
				DEVELOPMENT_TEAM = KDJFZFUH2Y;
				INFOPLIST_FILE = "$(SRCROOT)/Teqanny/Other/Info.plist";
				LD_RUNPATH_SEARCH_PATHS = "$(inherited) @executable_path/Frameworks";
				PRODUCT_BUNDLE_IDENTIFIER = Raqameyyah.Teqanny;
				PRODUCT_NAME = "$(TARGET_NAME)";
				SWIFT_VERSION = 4.0;
				TARGETED_DEVICE_FAMILY = "1,2";
			};
			name = Release;
		};
/* End XCBuildConfiguration section */

/* Begin XCConfigurationList section */
		84020E0A21189C88007E16BF /* Build configuration list for PBXProject "Teqanny" */ = {
			isa = XCConfigurationList;
			buildConfigurations = (
				84020E1F21189C88007E16BF /* Debug */,
				84020E2021189C88007E16BF /* Release */,
			);
			defaultConfigurationIsVisible = 0;
			defaultConfigurationName = Release;
		};
		84020E2121189C88007E16BF /* Build configuration list for PBXNativeTarget "Teqanny" */ = {
			isa = XCConfigurationList;
			buildConfigurations = (
				84020E2221189C88007E16BF /* Debug */,
				84020E2321189C88007E16BF /* Release */,
			);
			defaultConfigurationIsVisible = 0;
			defaultConfigurationName = Release;
		};
/* End XCConfigurationList section */
	};
	rootObject = 84020E0721189C88007E16BF /* Project object */;
}
