// !$*UTF8*$!
{
	archiveVersion = 1;
	classes = {
	};
	objectVersion = 48;
	objects = {

/* Begin PBXBuildFile section */
		84020E1321189C88007E16BF /* AppDelegate.swift in Sources */ = {isa = PBXBuildFile; fileRef = 84020E1221189C88007E16BF /* AppDelegate.swift */; };
		84020E1521189C88007E16BF /* ViewController.swift in Sources */ = {isa = PBXBuildFile; fileRef = 84020E1421189C88007E16BF /* ViewController.swift */; };
		84020E1821189C88007E16BF /* Main.storyboard in Resources */ = {isa = PBXBuildFile; fileRef = 84020E1621189C88007E16BF /* Main.storyboard */; };
		84020E1A21189C88007E16BF /* Assets.xcassets in Resources */ = {isa = PBXBuildFile; fileRef = 84020E1921189C88007E16BF /* Assets.xcassets */; };
		84020E1D21189C88007E16BF /* LaunchScreen.storyboard in Resources */ = {isa = PBXBuildFile; fileRef = 84020E1B21189C88007E16BF /* LaunchScreen.storyboard */; };
		84020E302118B954007E16BF /* facebook-ads.png in Resources */ = {isa = PBXBuildFile; fileRef = 84020E2E2118B953007E16BF /* facebook-ads.png */; };
		84020E312118B954007E16BF /* facebook-ads-api-dashboards-reports.png in Resources */ = {isa = PBXBuildFile; fileRef = 84020E2F2118B953007E16BF /* facebook-ads-api-dashboards-reports.png */; };
		84020E332118B9D0007E16BF /* FancyButton.swift in Sources */ = {isa = PBXBuildFile; fileRef = 84020E322118B9D0007E16BF /* FancyButton.swift */; };
		84B210C42118E53300074BDA /* 29ltbukrabold.otf in Resources */ = {isa = PBXBuildFile; fileRef = 84B210C02118E52D00074BDA /* 29ltbukrabold.otf */; };
		84B210C52118E53300074BDA /* 29ltbukrabolditalic.otf in Resources */ = {isa = PBXBuildFile; fileRef = 84B210C12118E52F00074BDA /* 29ltbukrabolditalic.otf */; };
		84B210C62118E53300074BDA /* 29ltbukraregular.otf in Resources */ = {isa = PBXBuildFile; fileRef = 84B210C22118E53100074BDA /* 29ltbukraregular.otf */; };
		84B210C72118E53300074BDA /* 29ltbukralight.otf in Resources */ = {isa = PBXBuildFile; fileRef = 84B210C32118E53200074BDA /* 29ltbukralight.otf */; };
/* End PBXBuildFile section */

/* Begin PBXFileReference section */
		84020E0F21189C88007E16BF /* Teqanny.app */ = {isa = PBXFileReference; explicitFileType = wrapper.application; includeInIndex = 0; path = Teqanny.app; sourceTree = BUILT_PRODUCTS_DIR; };
		84020E1221189C88007E16BF /* AppDelegate.swift */ = {isa = PBXFileReference; lastKnownFileType = sourcecode.swift; path = AppDelegate.swift; sourceTree = "<group>"; };
		84020E1421189C88007E16BF /* ViewController.swift */ = {isa = PBXFileReference; lastKnownFileType = sourcecode.swift; path = ViewController.swift; sourceTree = "<group>"; };
		84020E1721189C88007E16BF /* Base */ = {isa = PBXFileReference; lastKnownFileType = file.storyboard; name = Base; path = Base.lproj/Main.storyboard; sourceTree = "<group>"; };
		84020E1921189C88007E16BF /* Assets.xcassets */ = {isa = PBXFileReference; lastKnownFileType = folder.assetcatalog; path = Assets.xcassets; sourceTree = "<group>"; };
		84020E1C21189C88007E16BF /* Base */ = {isa = PBXFileReference; lastKnownFileType = file.storyboard; name = Base; path = Base.lproj/LaunchScreen.storyboard; sourceTree = "<group>"; };
		84020E1E21189C88007E16BF /* Info.plist */ = {isa = PBXFileReference; lastKnownFileType = text.plist.xml; path = Info.plist; sourceTree = "<group>"; };
		84020E2E2118B953007E16BF /* facebook-ads.png */ = {isa = PBXFileReference; lastKnownFileType = image.png; path = "facebook-ads.png"; sourceTree = "<group>"; };
		84020E2F2118B953007E16BF /* facebook-ads-api-dashboards-reports.png */ = {isa = PBXFileReference; lastKnownFileType = image.png; path = "facebook-ads-api-dashboards-reports.png"; sourceTree = "<group>"; };
		84020E322118B9D0007E16BF /* FancyButton.swift */ = {isa = PBXFileReference; lastKnownFileType = sourcecode.swift; name = FancyButton.swift; path = Teqanny/View/FancyButton.swift; sourceTree = SOURCE_ROOT; };
		84B210C02118E52D00074BDA /* 29ltbukrabold.otf */ = {isa = PBXFileReference; lastKnownFileType = file; path = 29ltbukrabold.otf; sourceTree = "<group>"; };
		84B210C12118E52F00074BDA /* 29ltbukrabolditalic.otf */ = {isa = PBXFileReference; lastKnownFileType = file; path = 29ltbukrabolditalic.otf; sourceTree = "<group>"; };
		84B210C22118E53100074BDA /* 29ltbukraregular.otf */ = {isa = PBXFileReference; lastKnownFileType = file; path = 29ltbukraregular.otf; sourceTree = "<group>"; };
		84B210C32118E53200074BDA /* 29ltbukralight.otf */ = {isa = PBXFileReference; lastKnownFileType = file; path = 29ltbukralight.otf; sourceTree = "<group>"; };
/* End PBXFileReference section */

/* Begin PBXFrameworksBuildPhase section */
		84020E0C21189C88007E16BF /* Frameworks */ = {
			isa = PBXFrameworksBuildPhase;
			buildActionMask = 2147483647;
			files = (
			);
			runOnlyForDeploymentPostprocessing = 0;
		};
/* End PBXFrameworksBuildPhase section */

/* Begin PBXGroup section */
		84020E0621189C88007E16BF = {
			isa = PBXGroup;
			children = (
				84020E1121189C88007E16BF /* Teqanny */,
				84020E1021189C88007E16BF /* Products */,
			);
			sourceTree = "<group>";
		};
		84020E1021189C88007E16BF /* Products */ = {
			isa = PBXGroup;
			children = (
				84020E0F21189C88007E16BF /* Teqanny.app */,
			);
			name = Products;
			sourceTree = "<group>";
		};
		84020E1121189C88007E16BF /* Teqanny */ = {
			isa = PBXGroup;
			children = (
				84020E342118D7CA007E16BF /* Resources */,
				84020E2C21189E87007E16BF /* Other */,
				84020E2B21189E77007E16BF /* Storyboard */,
				84020E2921189E5A007E16BF /* Controller */,
				84020E2821189E54007E16BF /* View */,
				84020E2721189E4D007E16BF /* Model */,
			);
			path = Teqanny;
			sourceTree = "<group>";
		};
		84020E2721189E4D007E16BF /* Model */ = {
			isa = PBXGroup;
			children = (
			);
			path = Model;
			sourceTree = "<group>";
		};
		84020E2821189E54007E16BF /* View */ = {
			isa = PBXGroup;
			children = (
				84020E322118B9D0007E16BF /* FancyButton.swift */,
			);
			path = View;
			sourceTree = "<group>";
		};
		84020E2921189E5A007E16BF /* Controller */ = {
			isa = PBXGroup;
			children = (
				84020E1421189C88007E16BF /* ViewController.swift */,
			);
			path = Controller;
			sourceTree = "<group>";
		};
		84020E2B21189E77007E16BF /* Storyboard */ = {
			isa = PBXGroup;
			children = (
				84020E1621189C88007E16BF /* Main.storyboard */,
				84020E1B21189C88007E16BF /* LaunchScreen.storyboard */,
			);
			path = Storyboard;
			sourceTree = "<group>";
		};
		84020E2C21189E87007E16BF /* Other */ = {
			isa = PBXGroup;
			children = (
				84020E1221189C88007E16BF /* AppDelegate.swift */,
				84020E1921189C88007E16BF /* Assets.xcassets */,
				84020E1E21189C88007E16BF /* Info.plist */,
				84020E2F2118B953007E16BF /* facebook-ads-api-dashboards-reports.png */,
				84020E2E2118B953007E16BF /* facebook-ads.png */,
			);
			path = Other;
			sourceTree = "<group>";
		};
		84020E342118D7CA007E16BF /* Resources */ = {
			isa = PBXGroup;
			children = (
				84B210C02118E52D00074BDA /* 29ltbukrabold.otf */,
				84B210C12118E52F00074BDA /* 29ltbukrabolditalic.otf */,
				84B210C32118E53200074BDA /* 29ltbukralight.otf */,
				84B210C22118E53100074BDA /* 29ltbukraregular.otf */,
			);
			path = Resources;
			sourceTree = "<group>";
		};
/* End PBXGroup section */

/* Begin PBXNativeTarget section */
		84020E0E21189C88007E16BF /* Teqanny */ = {
			isa = PBXNativeTarget;
			buildConfigurationList = 84020E2121189C88007E16BF /* Build configuration list for PBXNativeTarget "Teqanny" */;
			buildPhases = (
				84020E0B21189C88007E16BF /* Sources */,
				84020E0C21189C88007E16BF /* Frameworks */,
				84020E0D21189C88007E16BF /* Resources */,
			);
			buildRules = (
			);
			dependencies = (
			);
			name = Teqanny;
			productName = Teqanny;
			productReference = 84020E0F21189C88007E16BF /* Teqanny.app */;
			productType = "com.apple.product-type.application";
		};
/* End PBXNativeTarget section */

/* Begin PBXProject section */
		84020E0721189C88007E16BF /* Project object */ = {
			isa = PBXProject;
			attributes = {
				LastSwiftUpdateCheck = 0920;
				LastUpgradeCheck = 0920;
				ORGANIZATIONNAME = "Essam Mohamed Fahmi";
				TargetAttributes = {
					84020E0E21189C88007E16BF = {
						CreatedOnToolsVersion = 9.2;
						ProvisioningStyle = Automatic;
					};
				};
			};
			buildConfigurationList = 84020E0A21189C88007E16BF /* Build configuration list for PBXProject "Teqanny" */;
			compatibilityVersion = "Xcode 8.0";
			developmentRegion = en;
			hasScannedForEncodings = 0;
			knownRegions = (
				en,
				Base,
			);
			mainGroup = 84020E0621189C88007E16BF;
			productRefGroup = 84020E1021189C88007E16BF /* Products */;
			projectDirPath = "";
			projectRoot = "";
			targets = (
				84020E0E21189C88007E16BF /* Teqanny */,
			);
		};
/* End PBXProject section */

/* Begin PBXResourcesBuildPhase section */
		84020E0D21189C88007E16BF /* Resources */ = {
			isa = PBXResourcesBuildPhase;
			buildActionMask = 2147483647;
			files = (
				84020E1D21189C88007E16BF /* LaunchScreen.storyboard in Resources */,
				84B210C72118E53300074BDA /* 29ltbukralight.otf in Resources */,
				84B210C42118E53300074BDA /* 29ltbukrabold.otf in Resources */,
				84B210C62118E53300074BDA /* 29ltbukraregular.otf in Resources */,
				84020E312118B954007E16BF /* facebook-ads-api-dashboards-reports.png in Resources */,
				84020E1A21189C88007E16BF /* Assets.xcassets in Resources */,
				84B210C52118E53300074BDA /* 29ltbukrabolditalic.otf in Resources */,
				84020E302118B954007E16BF /* facebook-ads.png in Resources */,
				84020E1821189C88007E16BF /* Main.storyboard in Resources */,
			);
			runOnlyForDeploymentPostprocessing = 0;
		};
/* End PBXResourcesBuildPhase section */

/* Begin PBXSourcesBuildPhase section */
		84020E0B21189C88007E16BF /* Sources */ = {
			isa = PBXSourcesBuildPhase;
			buildActionMask = 2147483647;
			files = (
				84020E332118B9D0007E16BF /* FancyButton.swift in Sources */,
				84020E1521189C88007E16BF /* ViewController.swift in Sources */,
				84020E1321189C88007E16BF /* AppDelegate.swift in Sources */,
			);
			runOnlyForDeploymentPostprocessing = 0;
		};
/* End PBXSourcesBuildPhase section */

/* Begin PBXVariantGroup section */
		84020E1621189C88007E16BF /* Main.storyboard */ = {
			isa = PBXVariantGroup;
			children = (
				84020E1721189C88007E16BF /* Base */,
			);
			name = Main.storyboard;
			sourceTree = "<group>";
		};
		84020E1B21189C88007E16BF /* LaunchScreen.storyboard */ = {
			isa = PBXVariantGroup;
			children = (
				84020E1C21189C88007E16BF /* Base */,
			);
			name = LaunchScreen.storyboard;
			sourceTree = "<group>";
		};
/* End PBXVariantGroup section */

/* Begin XCBuildConfiguration section */
		84020E1F21189C88007E16BF /* Debug */ = {
			isa = XCBuildConfiguration;
			buildSettings = {
				ALWAYS_SEARCH_USER_PATHS = NO;
				CLANG_ANALYZER_NONNULL = YES;
				CLANG_ANALYZER_NUMBER_OBJECT_CONVERSION = YES_AGGRESSIVE;
				CLANG_CXX_LANGUAGE_STANDARD = "gnu++14";
				CLANG_CXX_LIBRARY = "libc++";
				CLANG_ENABLE_MODULES = YES;
				CLANG_ENABLE_OBJC_ARC = YES;
				CLANG_WARN_BLOCK_CAPTURE_AUTORELEASING = YES;
				CLANG_WARN_BOOL_CONVERSION = YES;
				CLANG_WARN_COMMA = YES;
				CLANG_WARN_CONSTANT_CONVERSION = YES;
				CLANG_WARN_DIRECT_OBJC_ISA_USAGE = YES_ERROR;
				CLANG_WARN_DOCUMENTATION_COMMENTS = YES;
				CLANG_WARN_EMPTY_BODY = YES;
				CLANG_WARN_ENUM_CONVERSION = YES;
				CLANG_WARN_INFINITE_RECURSION = YES;
				CLANG_WARN_INT_CONVERSION = YES;
				CLANG_WARN_NON_LITERAL_NULL_CONVERSION = YES;
				CLANG_WARN_OBJC_LITERAL_CONVERSION = YES;
				CLANG_WARN_OBJC_ROOT_CLASS = YES_ERROR;
				CLANG_WARN_RANGE_LOOP_ANALYSIS = YES;
				CLANG_WARN_STRICT_PROTOTYPES = YES;
				CLANG_WARN_SUSPICIOUS_MOVE = YES;
				CLANG_WARN_UNGUARDED_AVAILABILITY = YES_AGGRESSIVE;
				CLANG_WARN_UNREACHABLE_CODE = YES;
				CLANG_WARN__DUPLICATE_METHOD_MATCH = YES;
				CODE_SIGN_IDENTITY = "iPhone Developer";
				COPY_PHASE_STRIP = NO;
				DEBUG_INFORMATION_FORMAT = dwarf;
				ENABLE_STRICT_OBJC_MSGSEND = YES;
				ENABLE_TESTABILITY = YES;
				GCC_C_LANGUAGE_STANDARD = gnu11;
				GCC_DYNAMIC_NO_PIC = NO;
				GCC_NO_COMMON_BLOCKS = YES;
				GCC_OPTIMIZATION_LEVEL = 0;
				GCC_PREPROCESSOR_DEFINITIONS = (
					"DEBUG=1",
					"$(inherited)",
				);
				GCC_WARN_64_TO_32_BIT_CONVERSION = YES;
				GCC_WARN_ABOUT_RETURN_TYPE = YES_ERROR;
				GCC_WARN_UNDECLARED_SELECTOR = YES;
				GCC_WARN_UNINITIALIZED_AUTOS = YES_AGGRESSIVE;
				GCC_WARN_UNUSED_FUNCTION = YES;
				GCC_WARN_UNUSED_VARIABLE = YES;
				IPHONEOS_DEPLOYMENT_TARGET = 11.2;
				MTL_ENABLE_DEBUG_INFO = YES;
				ONLY_ACTIVE_ARCH = YES;
				SDKROOT = iphoneos;
				SWIFT_ACTIVE_COMPILATION_CONDITIONS = DEBUG;
				SWIFT_OPTIMIZATION_LEVEL = "-Onone";
			};
			name = Debug;
		};
		84020E2021189C88007E16BF /* Release */ = {
			isa = XCBuildConfiguration;
			buildSettings = {
				ALWAYS_SEARCH_USER_PATHS = NO;
				CLANG_ANALYZER_NONNULL = YES;
				CLANG_ANALYZER_NUMBER_OBJECT_CONVERSION = YES_AGGRESSIVE;
				CLANG_CXX_LANGUAGE_STANDARD = "gnu++14";
				CLANG_CXX_LIBRARY = "libc++";
				CLANG_ENABLE_MODULES = YES;
				CLANG_ENABLE_OBJC_ARC = YES;
				CLANG_WARN_BLOCK_CAPTURE_AUTORELEASING = YES;
				CLANG_WARN_BOOL_CONVERSION = YES;
				CLANG_WARN_COMMA = YES;
				CLANG_WARN_CONSTANT_CONVERSION = YES;
				CLANG_WARN_DIRECT_OBJC_ISA_USAGE = YES_ERROR;
				CLANG_WARN_DOCUMENTATION_COMMENTS = YES;
				CLANG_WARN_EMPTY_BODY = YES;
				CLANG_WARN_ENUM_CONVERSION = YES;
				CLANG_WARN_INFINITE_RECURSION = YES;
				CLANG_WARN_INT_CONVERSION = YES;
				CLANG_WARN_NON_LITERAL_NULL_CONVERSION = YES;
				CLANG_WARN_OBJC_LITERAL_CONVERSION = YES;
				CLANG_WARN_OBJC_ROOT_CLASS = YES_ERROR;
				CLANG_WARN_RANGE_LOOP_ANALYSIS = YES;
				CLANG_WARN_STRICT_PROTOTYPES = YES;
				CLANG_WARN_SUSPICIOUS_MOVE = YES;
				CLANG_WARN_UNGUARDED_AVAILABILITY = YES_AGGRESSIVE;
				CLANG_WARN_UNREACHABLE_CODE = YES;
				CLANG_WARN__DUPLICATE_METHOD_MATCH = YES;
				CODE_SIGN_IDENTITY = "iPhone Developer";
				COPY_PHASE_STRIP = NO;
				DEBUG_INFORMATION_FORMAT = "dwarf-with-dsym";
				ENABLE_NS_ASSERTIONS = NO;
				ENABLE_STRICT_OBJC_MSGSEND = YES;
				GCC_C_LANGUAGE_STANDARD = gnu11;
				GCC_NO_COMMON_BLOCKS = YES;
				GCC_WARN_64_TO_32_BIT_CONVERSION = YES;
				GCC_WARN_ABOUT_RETURN_TYPE = YES_ERROR;
				GCC_WARN_UNDECLARED_SELECTOR = YES;
				GCC_WARN_UNINITIALIZED_AUTOS = YES_AGGRESSIVE;
				GCC_WARN_UNUSED_FUNCTION = YES;
				GCC_WARN_UNUSED_VARIABLE = YES;
				IPHONEOS_DEPLOYMENT_TARGET = 11.2;
				MTL_ENABLE_DEBUG_INFO = NO;
				SDKROOT = iphoneos;
				SWIFT_OPTIMIZATION_LEVEL = "-Owholemodule";
				VALIDATE_PRODUCT = YES;
			};
			name = Release;
		};
		84020E2221189C88007E16BF /* Debug */ = {
			isa = XCBuildConfiguration;
			buildSettings = {
				ASSETCATALOG_COMPILER_APPICON_NAME = AppIcon;
				CODE_SIGN_STYLE = Automatic;
				DEVELOPMENT_TEAM = KDJFZFUH2Y;
				INFOPLIST_FILE = "$(SRCROOT)/Teqanny/Other/Info.plist";
				LD_RUNPATH_SEARCH_PATHS = "$(inherited) @executable_path/Frameworks";
				PRODUCT_BUNDLE_IDENTIFIER = Raqameyyah.Teqanny;
				PRODUCT_NAME = "$(TARGET_NAME)";
				SWIFT_VERSION = 4.0;
				TARGETED_DEVICE_FAMILY = "1,2";
			};
			name = Debug;
		};
		84020E2321189C88007E16BF /* Release */ = {
			isa = XCBuildConfiguration;
			buildSettings = {
				ASSETCATALOG_COMPILER_APPICON_NAME = AppIcon;
				CODE_SIGN_STYLE = Automatic;
				DEVELOPMENT_TEAM = KDJFZFUH2Y;
				INFOPLIST_FILE = "$(SRCROOT)/Teqanny/Other/Info.plist";
				LD_RUNPATH_SEARCH_PATHS = "$(inherited) @executable_path/Frameworks";
				PRODUCT_BUNDLE_IDENTIFIER = Raqameyyah.Teqanny;
				PRODUCT_NAME = "$(TARGET_NAME)";
				SWIFT_VERSION = 4.0;
				TARGETED_DEVICE_FAMILY = "1,2";
			};
			name = Release;
		};
/* End XCBuildConfiguration section */

/* Begin XCConfigurationList section */
		84020E0A21189C88007E16BF /* Build configuration list for PBXProject "Teqanny" */ = {
			isa = XCConfigurationList;
			buildConfigurations = (
				84020E1F21189C88007E16BF /* Debug */,
				84020E2021189C88007E16BF /* Release */,
			);
			defaultConfigurationIsVisible = 0;
			defaultConfigurationName = Release;
		};
		84020E2121189C88007E16BF /* Build configuration list for PBXNativeTarget "Teqanny" */ = {
			isa = XCConfigurationList;
			buildConfigurations = (
				84020E2221189C88007E16BF /* Debug */,
				84020E2321189C88007E16BF /* Release */,
			);
			defaultConfigurationIsVisible = 0;
			defaultConfigurationName = Release;
		};
/* End XCConfigurationList section */
	};
	rootObject = 84020E0721189C88007E16BF /* Project object */;
}
